# This file was autogenerated by Stack.
# You should not edit this file by hand.
# For more information, please see the documentation at:
#   https://docs.haskellstack.org/en/stable/lock_files

packages:
- completed:
    name: fswatch
    version: 0.1.0.5
    git: https://github.com/Chaitanya-nair/watch.git
    pantry-tree:
      size: 598
      sha256: d10084f07d4bda0323ef2d406ad7c954a5768626e66a067c7ba7ad7be441ff28
    commit: 1f87bf8ca2825b89b4c5465118034784da9630c5
  original:
    git: https://github.com/Chaitanya-nair/watch.git
    commit: 1f87bf8ca2825b89b4c5465118034784da9630c5
- completed:
    hackage: minisat-solver-0.1@sha256:e2ff11b1ca8c66e43f8bb2e04f21bd1b812efb94ff215d74f998c928e7e92dcd,5210
    pantry-tree:
      size: 1380
      sha256: 7069840ec036fb69a2eb67198d85852c02f799713112d3be27f09949537b1bd4
  original:
    hackage: minisat-solver-0.1@sha256:e2ff11b1ca8c66e43f8bb2e04f21bd1b812efb94ff215d74f998c928e7e92dcd,5210
- completed:
    hackage: portable-lines-0.1@sha256:21c3b905888a4b43f957cd8e8cdf2af00942bb161aa19a6b20db18b661de0510,1552
    pantry-tree:
      size: 371
      sha256: 2eeb1d9aefe4fb172dc56baa75f09aaaac824799d926922b4673188293f9f95c
  original:
    hackage: portable-lines-0.1@sha256:21c3b905888a4b43f957cd8e8cdf2af00942bb161aa19a6b20db18b661de0510,1552
- completed:
    hackage: Diff-0.3.4@sha256:5ab20a407f9e65d13b642c3cd414906a40280343a31b388f6ed69b9228fe42c1,1127
    pantry-tree:
      size: 416
      sha256: 48d1b942ff99293d69a8ca4ea60f372093e5aeea73f63d11829ceca01d63c7fd
  original:
    hackage: Diff-0.3.4@sha256:5ab20a407f9e65d13b642c3cd414906a40280343a31b388f6ed69b9228fe42c1,1127
- completed:
    hackage: aeson-1.4.7.1@sha256:6199a98b072e5a7748e81ab72476a0992cf23d925ebe4fefd5b917cbda9c2af8,7098
    pantry-tree:
      size: 40133
      sha256: 03fc9207bffa6928efbe42a1f603aa482b3dc821bde1db753faae000d0e2ee00
  original:
    hackage: aeson-1.4.7.1@sha256:6199a98b072e5a7748e81ab72476a0992cf23d925ebe4fefd5b917cbda9c2af8,7098
- completed:
    hackage: network-2.8.0.1@sha256:0f165dffa752d8cde30c2bde86f80609c4f1dc5eeb3182d593041f97839c5b3b,3011
    pantry-tree:
      size: 2488
      sha256: 2dbdda2225969dcd452d983a2ac7e52341e5fc1df76103342c9fac08fc686931
  original:
    hackage: network-2.8.0.1@sha256:0f165dffa752d8cde30c2bde86f80609c4f1dc5eeb3182d593041f97839c5b3b,3011
- completed:
    hackage: strict-0.3.2@sha256:3406721874ae342f1c7c10466313af673dfb4f6f64bbca25965dbe90383289d6,924
    pantry-tree:
      size: 448
      sha256: 704050b1b27be762bf9b9447ab81ecf8753578167a4c0050905b74514c0e1410
  original:
    hackage: strict-0.3.2@sha256:3406721874ae342f1c7c10466313af673dfb4f6f64bbca25965dbe90383289d6,924
- completed:
    hackage: warp-3.2.28@sha256:b32fb8fed7ace4bd206fd897c388c00cdb915ec7e34ee61dc6397d518d9e651c,11186
    pantry-tree:
      size: 4227
      sha256: a08eab2f15d6be431d00cd31a8b87a7e5ce87f203aad06916f9af0c673ec8a7d
  original:
    hackage: warp-3.2.28@sha256:b32fb8fed7ace4bd206fd897c388c00cdb915ec7e34ee61dc6397d518d9e651c,11186
- completed:
    hackage: dlist-0.8.0.8@sha256:90ca348bffdc62d7070bcf0e97c728f8d01b24fbc7ea08d2909157d0da76534c,2066
    pantry-tree:
      size: 426
      sha256: 1b5b9142a932f15c77f758f92f90bea6c805c42d4c62f7a697e8e4f6cf1ad6e6
  original:
    hackage: dlist-0.8.0.8@sha256:90ca348bffdc62d7070bcf0e97c728f8d01b24fbc7ea08d2909157d0da76534c,2066
- completed:
    hackage: haskeline-0.7.5.0@sha256:eef356225f9eca04323b4a24abaeccd9188387d33cfaf587a025c7ee0fa64d88,4968
    pantry-tree:
      size: 2855
      sha256: 8580f11a3db47a2d2c200cce250bded52dc4d9694f7dbbfd2c3ecd1c4d71f1c5
  original:
    hackage: haskeline-0.7.5.0@sha256:eef356225f9eca04323b4a24abaeccd9188387d33cfaf587a025c7ee0fa64d88,4968
- completed:
    hackage: http2-1.6.5@sha256:09a9e07d34fba12bd0b871c5fbce3708b2e16a9445b080885df6fd53b72858b3,14079
    pantry-tree:
      size: 43676
      sha256: 8e0b8292c7ee094898f023e9ea5fed335f7184d50b3e0a4a09b90f77468eb3f5
  original:
    hackage: http2-1.6.5@sha256:09a9e07d34fba12bd0b871c5fbce3708b2e16a9445b080885df6fd53b72858b3,14079
snapshots:
- completed:
    size: 586296
    url: https://raw.githubusercontent.com/commercialhaskell/stackage-snapshots/master/lts/18/18.yaml
    sha256: 63539429076b7ebbab6daa7656cfb079393bf644971156dc349d7c0453694ac2
  original: lts-18.18
